
Microsoft Visual Studio Solution File, Format Version 12.00
# Visual Studio Version 17
VisualStudioVersion = 17.13.35806.99 d17.13
MinimumVisualStudioVersion = 10.0.40219.1
Project("{FAE04EC0-301F-11D3-BF4B-00C04F79EFBC}") = "weather-app-winforms", "weather-app-winforms.csproj", "{82BD0C23-07FB-4234-BE55-C6D0D57225AB}"
EndProject
Global
	GlobalSection(SolutionConfigurationPlatforms) = preSolution
		Debug|Any CPU = Debug|Any CPU
		Release|Any CPU = Release|Any CPU
	EndGlobalSection
	GlobalSection(ProjectConfigurationPlatforms) = postSolution
		{82BD0C23-07FB-4234-BE55-C6D0D57225AB}.Debug|Any CPU.ActiveCfg = Debug|Any CPU
		{82BD0C23-07FB-4234-BE55-C6D0D57225AB}.Debug|Any CPU.Build.0 = Debug|Any CPU
		{82BD0C23-07FB-4234-BE55-C6D0D57225AB}.Release|Any CPU.ActiveCfg = Release|Any CPU
		{82BD0C23-07FB-4234-BE55-C6D0D57225AB}.Release|Any CPU.Build.0 = Release|Any CPU
	EndGlobalSection
	GlobalSection(SolutionProperties) = preSolution
		HideSolutionNode = FALSE
	EndGlobalSection
	GlobalSection(ExtensibilityGlobals) = postSolution
		SolutionGuid = {DD32EF80-9217-4CA0-B79E-9B48A5F0EA28}
	EndGlobalSection
EndGlobal
